github.com/BurntSushi/toml v1.4.0 h1:kuoIxZQy2WRRk1pttg9asf+WVv6tWQuBNVmK8+nqPr0=
github.com/BurntSushi/toml v1.4.0/go.mod h1:ukJfTF/6rtPPRCnwkur4qwRxa8vTRFBF0uk2lLoLwho=
github.com/beefsack/go-rate v0.0.0-20220214233405-116f4ca011a0 h1:0b2vaepXIfMsG++IsjHiI2p4bxALD1Y2nQKGMR5zDQM=
github.com/beefsack/go-rate v0.0.0-20220214233405-116f4ca011a0/go.mod h1:6YNgTHLutezwnBvyneBbwvB8C82y3dcoOj5EQJIdGXA=
